lockfileVersion: 5.3

specifiers:
  prisma: ^3.13.0

dependencies:
  prisma: 3.13.0

packages:

  /@prisma/engines/3.13.0-17.efdf9b1183dddfd4258cd181a72125755215ab7b:
    resolution: {integrity: sha512-Ip9CcCeUocH61eXu4BUGpvl5KleQyhcUVLpWCv+0ZmDv44bFaDpREqjGHHdRupvPN/ugB6gTlD9b9ewdj02yVA==}
    requiresBuild: true
    dev: false

  /prisma/3.13.0:
    resolution: {integrity: sha512-oO1auBnBtieGdiN+57IgsA9Vr7Sy4HkILi1KSaUG4mpKfEbnkTGnLOxAqjLed+K2nsG/GtE1tJBtB7JxN1a78Q==}
    engines: {node: '>=12.6'}
    hasBin: true
    requiresBuild: true
    dependencies:
      '@prisma/engines': 3.13.0-17.efdf9b1183dddfd4258cd181a72125755215ab7b
      ts-pattern: 4.0.2
    dev: false

  /ts-pattern/4.0.2:
    resolution: {integrity: sha512-eHqR/7A6fcw05vCOfnL6RwgGJbVi9G/YHTdYdjYmElhDdJ1SMn7pWs+6+YuxygaFwQS/g+cIDlu+UD8IVpur1A==}
    dev: false
